
Microsoft Visual Studio Solution File, Format Version 12.00
# Visual Studio Version 16
VisualStudioVersion = 16.0.29509.3
MinimumVisualStudioVersion = 10.0.40219.1
Project("{FAE04EC0-301F-11D3-BF4B-00C04F79EFBC}") = "SudokuSolver v3", "SudokuSolver v3\SudokuSolver v3.csproj", "{B7CDEB67-1B2C-47C4-ADCF-515FA1AD8D78}"
EndProject
Project("{FAE04EC0-301F-11D3-BF4B-00C04F79EFBC}") = "SolverLogic", "SudokuSolverLogic\SolverLogic.csproj", "{8A358735-168E-4173-8FB0-EE37C62EEF5C}"
EndProject
Project("{FAE04EC0-301F-11D3-BF4B-00C04F79EFBC}") = "PuzzleGenerator", "PuzzleGenerator\PuzzleGenerator.csproj", "{C0310542-CE23-4F66-AD63-F11BCBC9C973}"
EndProject
Project("{FAE04EC0-301F-11D3-BF4B-00C04F79EFBC}") = "BackEndConsoleBased", "BackEndConsoleBased\BackEndConsoleBased.csproj", "{4ECAA4E2-5FAF-4709-B934-EF8B7E9A37F6}"
EndProject
Global
	GlobalSection(SolutionConfigurationPlatforms) = preSolution
		Debug|Any CPU = Debug|Any CPU
		Release|Any CPU = Release|Any CPU
	EndGlobalSection
	GlobalSection(ProjectConfigurationPlatforms) = postSolution
		{B7CDEB67-1B2C-47C4-ADCF-515FA1AD8D78}.Debug|Any CPU.ActiveCfg = Debug|Any CPU
		{B7CDEB67-1B2C-47C4-ADCF-515FA1AD8D78}.Debug|Any CPU.Build.0 = Debug|Any CPU
		{B7CDEB67-1B2C-47C4-ADCF-515FA1AD8D78}.Release|Any CPU.ActiveCfg = Release|Any CPU
		{B7CDEB67-1B2C-47C4-ADCF-515FA1AD8D78}.Release|Any CPU.Build.0 = Release|Any CPU
		{8A358735-168E-4173-8FB0-EE37C62EEF5C}.Debug|Any CPU.ActiveCfg = Debug|Any CPU
		{8A358735-168E-4173-8FB0-EE37C62EEF5C}.Debug|Any CPU.Build.0 = Debug|Any CPU
		{8A358735-168E-4173-8FB0-EE37C62EEF5C}.Release|Any CPU.ActiveCfg = Release|Any CPU
		{8A358735-168E-4173-8FB0-EE37C62EEF5C}.Release|Any CPU.Build.0 = Release|Any CPU
		{C0310542-CE23-4F66-AD63-F11BCBC9C973}.Debug|Any CPU.ActiveCfg = Debug|Any CPU
		{C0310542-CE23-4F66-AD63-F11BCBC9C973}.Debug|Any CPU.Build.0 = Debug|Any CPU
		{C0310542-CE23-4F66-AD63-F11BCBC9C973}.Release|Any CPU.ActiveCfg = Release|Any CPU
		{C0310542-CE23-4F66-AD63-F11BCBC9C973}.Release|Any CPU.Build.0 = Release|Any CPU
		{4ECAA4E2-5FAF-4709-B934-EF8B7E9A37F6}.Debug|Any CPU.ActiveCfg = Debug|Any CPU
		{4ECAA4E2-5FAF-4709-B934-EF8B7E9A37F6}.Debug|Any CPU.Build.0 = Debug|Any CPU
		{4ECAA4E2-5FAF-4709-B934-EF8B7E9A37F6}.Release|Any CPU.ActiveCfg = Release|Any CPU
		{4ECAA4E2-5FAF-4709-B934-EF8B7E9A37F6}.Release|Any CPU.Build.0 = Release|Any CPU
	EndGlobalSection
	GlobalSection(SolutionProperties) = preSolution
		HideSolutionNode = FALSE
	EndGlobalSection
	GlobalSection(ExtensibilityGlobals) = postSolution
		SolutionGuid = {65E564E0-A80C-444E-873A-4EFC71978B15}
	EndGlobalSection
EndGlobal
